
Microsoft Visual Studio Solution File, Format Version 12.00
# Visual Studio 14
VisualStudioVersion = 14.0.25420.1
MinimumVisualStudioVersion = 10.0.40219.1
Project("{FAE04EC0-301F-11D3-BF4B-00C04F79EFBC}") = "SliderPuzzleDemo", "SliderPuzzleDemo\SliderPuzzleDemo\SliderPuzzleDemo.csproj", "{9A29191F-14B6-4A79-A2AA-AAF04CB26431}"
EndProject
Project("{FAE04EC0-301F-11D3-BF4B-00C04F79EFBC}") = "SliderPuzzleDemo.Droid", "SliderPuzzleDemo\SliderPuzzleDemo.Droid\SliderPuzzleDemo.Droid.csproj", "{6EC574F7-78D2-46A9-9A3C-41163DD69474}"
EndProject
Project("{FAE04EC0-301F-11D3-BF4B-00C04F79EFBC}") = "SliderPuzzleDemo.iOS", "SliderPuzzleDemo\SliderPuzzleDemo.iOS\SliderPuzzleDemo.iOS.csproj", "{7EE36B6E-9A98-4CEE-8EBD-81E6E3373F13}"
EndProject
Project("{FAE04EC0-301F-11D3-BF4B-00C04F79EFBC}") = "SliderPuzzleDemo.WinPhone", "SliderPuzzleDemo\SliderPuzzleDemo.WinPhone\SliderPuzzleDemo.WinPhone.csproj", "{0947CA3F-DE14-4906-A63E-C2B76A3C6E40}"
EndProject
Project("{FAE04EC0-301F-11D3-BF4B-00C04F79EFBC}") = "SliderPuzzleDemo.Windows", "SliderPuzzleDemo\SliderPuzzleDemo.Windows\SliderPuzzleDemo.Windows.csproj", "{E0F88A97-54F4-4301-B560-B992C9F70172}"
EndProject
Global
	GlobalSection(SolutionConfigurationPlatforms) = preSolution
		Ad-Hoc|Any CPU = Ad-Hoc|Any CPU
		Ad-Hoc|ARM = Ad-Hoc|ARM
		Ad-Hoc|iPhone = Ad-Hoc|iPhone
		Ad-Hoc|iPhoneSimulator = Ad-Hoc|iPhoneSimulator
		Ad-Hoc|x64 = Ad-Hoc|x64
		Ad-Hoc|x86 = Ad-Hoc|x86
		AppStore|Any CPU = AppStore|Any CPU
		AppStore|ARM = AppStore|ARM
		AppStore|iPhone = AppStore|iPhone
		AppStore|iPhoneSimulator = AppStore|iPhoneSimulator
		AppStore|x64 = AppStore|x64
		AppStore|x86 = AppStore|x86
		Debug|Any CPU = Debug|Any CPU
		Debug|ARM = Debug|ARM
		Debug|iPhone = Debug|iPhone
		Debug|iPhoneSimulator = Debug|iPhoneSimulator
		Debug|x64 = Debug|x64
		Debug|x86 = Debug|x86
		Release|Any CPU = Release|Any CPU
		Release|ARM = Release|ARM
		Release|iPhone = Release|iPhone
		Release|iPhoneSimulator = Release|iPhoneSimulator
		Release|x64 = Release|x64
		Release|x86 = Release|x86
	EndGlobalSection
	GlobalSection(ProjectConfigurationPlatforms) = postSolution
		{9A29191F-14B6-4A79-A2AA-AAF04CB26431}.Ad-Hoc|Any CPU.ActiveCfg = Release|Any CPU
		{9A29191F-14B6-4A79-A2AA-AAF04CB26431}.Ad-Hoc|Any CPU.Build.0 = Release|Any CPU
		{9A29191F-14B6-4A79-A2AA-AAF04CB26431}.Ad-Hoc|ARM.ActiveCfg = Release|Any CPU
		{9A29191F-14B6-4A79-A2AA-AAF04CB26431}.Ad-Hoc|ARM.Build.0 = Release|Any CPU
		{9A29191F-14B6-4A79-A2AA-AAF04CB26431}.Ad-Hoc|iPhone.ActiveCfg = Release|Any CPU
		{9A29191F-14B6-4A79-A2AA-AAF04CB26431}.Ad-Hoc|iPhone.Build.0 = Release|Any CPU
		{9A29191F-14B6-4A79-A2AA-AAF04CB26431}.Ad-Hoc|iPhoneSimulator.ActiveCfg = Release|Any CPU
		{9A29191F-14B6-4A79-A2AA-AAF04CB26431}.Ad-Hoc|iPhoneSimulator.Build.0 = Release|Any CPU
		{9A29191F-14B6-4A79-A2AA-AAF04CB26431}.Ad-Hoc|x64.ActiveCfg = Release|Any CPU
		{9A29191F-14B6-4A79-A2AA-AAF04CB26431}.Ad-Hoc|x64.Build.0 = Release|Any CPU
		{9A29191F-14B6-4A79-A2AA-AAF04CB26431}.Ad-Hoc|x86.ActiveCfg = Release|Any CPU
		{9A29191F-14B6-4A79-A2AA-AAF04CB26431}.Ad-Hoc|x86.Build.0 = Release|Any CPU
		{9A29191F-14B6-4A79-A2AA-AAF04CB26431}.AppStore|Any CPU.ActiveCfg = Release|Any CPU
		{9A29191F-14B6-4A79-A2AA-AAF04CB26431}.AppStore|Any CPU.Build.0 = Release|Any CPU
		{9A29191F-14B6-4A79-A2AA-AAF04CB26431}.AppStore|ARM.ActiveCfg = Release|Any CPU
		{9A29191F-14B6-4A79-A2AA-AAF04CB26431}.AppStore|ARM.Build.0 = Release|Any CPU
		{9A29191F-14B6-4A79-A2AA-AAF04CB26431}.AppStore|iPhone.ActiveCfg = Release|Any CPU
		{9A29191F-14B6-4A79-A2AA-AAF04CB26431}.AppStore|iPhone.Build.0 = Release|Any CPU
		{9A29191F-14B6-4A79-A2AA-AAF04CB26431}.AppStore|iPhoneSimulator.ActiveCfg = Release|Any CPU
		{9A29191F-14B6-4A79-A2AA-AAF04CB26431}.AppStore|iPhoneSimulator.Build.0 = Release|Any CPU
		{9A29191F-14B6-4A79-A2AA-AAF04CB26431}.AppStore|x64.ActiveCfg = Release|Any CPU
		{9A29191F-14B6-4A79-A2AA-AAF04CB26431}.AppStore|x64.Build.0 = Release|Any CPU
		{9A29191F-14B6-4A79-A2AA-AAF04CB26431}.AppStore|x86.ActiveCfg = Release|Any CPU
		{9A29191F-14B6-4A79-A2AA-AAF04CB26431}.AppStore|x86.Build.0 = Release|Any CPU
		{9A29191F-14B6-4A79-A2AA-AAF04CB26431}.Debug|Any CPU.ActiveCfg = Debug|Any CPU
		{9A29191F-14B6-4A79-A2AA-AAF04CB26431}.Debug|Any CPU.Build.0 = Debug|Any CPU
		{9A29191F-14B6-4A79-A2AA-AAF04CB26431}.Debug|ARM.ActiveCfg = Debug|Any CPU
		{9A29191F-14B6-4A79-A2AA-AAF04CB26431}.Debug|ARM.Build.0 = Debug|Any CPU
		{9A29191F-14B6-4A79-A2AA-AAF04CB26431}.Debug|iPhone.ActiveCfg = Debug|Any CPU
		{9A29191F-14B6-4A79-A2AA-AAF04CB26431}.Debug|iPhone.Build.0 = Debug|Any CPU
		{9A29191F-14B6-4A79-A2AA-AAF04CB26431}.Debug|iPhoneSimulator.ActiveCfg = Debug|Any CPU
		{9A29191F-14B6-4A79-A2AA-AAF04CB26431}.Debug|iPhoneSimulator.Build.0 = Debug|Any CPU
		{9A29191F-14B6-4A79-A2AA-AAF04CB26431}.Debug|x64.ActiveCfg = Debug|Any CPU
		{9A29191F-14B6-4A79-A2AA-AAF04CB26431}.Debug|x64.Build.0 = Debug|Any CPU
		{9A29191F-14B6-4A79-A2AA-AAF04CB26431}.Debug|x86.ActiveCfg = Debug|Any CPU
		{9A29191F-14B6-4A79-A2AA-AAF04CB26431}.Debug|x86.Build.0 = Debug|Any CPU
		{9A29191F-14B6-4A79-A2AA-AAF04CB26431}.Release|Any CPU.ActiveCfg = Release|Any CPU
		{9A29191F-14B6-4A79-A2AA-AAF04CB26431}.Release|Any CPU.Build.0 = Release|Any CPU
		{9A29191F-14B6-4A79-A2AA-AAF04CB26431}.Release|ARM.ActiveCfg = Release|Any CPU
		{9A29191F-14B6-4A79-A2AA-AAF04CB26431}.Release|ARM.Build.0 = Release|Any CPU
		{9A29191F-14B6-4A79-A2AA-AAF04CB26431}.Release|iPhone.ActiveCfg = Release|Any CPU
		{9A29191F-14B6-4A79-A2AA-AAF04CB26431}.Release|iPhone.Build.0 = Release|Any CPU
		{9A29191F-14B6-4A79-A2AA-AAF04CB26431}.Release|iPhoneSimulator.ActiveCfg = Release|Any CPU
		{9A29191F-14B6-4A79-A2AA-AAF04CB26431}.Release|iPhoneSimulator.Build.0 = Release|Any CPU
		{9A29191F-14B6-4A79-A2AA-AAF04CB26431}.Release|x64.ActiveCfg = Release|Any CPU
		{9A29191F-14B6-4A79-A2AA-AAF04CB26431}.Release|x64.Build.0 = Release|Any CPU
		{9A29191F-14B6-4A79-A2AA-AAF04CB26431}.Release|x86.ActiveCfg = Release|Any CPU
		{9A29191F-14B6-4A79-A2AA-AAF04CB26431}.Release|x86.Build.0 = Release|Any CPU
		{6EC574F7-78D2-46A9-9A3C-41163DD69474}.Ad-Hoc|Any CPU.ActiveCfg = Release|Any CPU
		{6EC574F7-78D2-46A9-9A3C-41163DD69474}.Ad-Hoc|Any CPU.Build.0 = Release|Any CPU
		{6EC574F7-78D2-46A9-9A3C-41163DD69474}.Ad-Hoc|Any CPU.Deploy.0 = Release|Any CPU
		{6EC574F7-78D2-46A9-9A3C-41163DD69474}.Ad-Hoc|ARM.ActiveCfg = Release|Any CPU
		{6EC574F7-78D2-46A9-9A3C-41163DD69474}.Ad-Hoc|ARM.Build.0 = Release|Any CPU
		{6EC574F7-78D2-46A9-9A3C-41163DD69474}.Ad-Hoc|ARM.Deploy.0 = Release|Any CPU
		{6EC574F7-78D2-46A9-9A3C-41163DD69474}.Ad-Hoc|iPhone.ActiveCfg = Release|Any CPU
		{6EC574F7-78D2-46A9-9A3C-41163DD69474}.Ad-Hoc|iPhone.Build.0 = Release|Any CPU
		{6EC574F7-78D2-46A9-9A3C-41163DD69474}.Ad-Hoc|iPhone.Deploy.0 = Release|Any CPU
		{6EC574F7-78D2-46A9-9A3C-41163DD69474}.Ad-Hoc|iPhoneSimulator.ActiveCfg = Release|Any CPU
		{6EC574F7-78D2-46A9-9A3C-41163DD69474}.Ad-Hoc|iPhoneSimulator.Build.0 = Release|Any CPU
		{6EC574F7-78D2-46A9-9A3C-41163DD69474}.Ad-Hoc|iPhoneSimulator.Deploy.0 = Release|Any CPU
		{6EC574F7-78D2-46A9-9A3C-41163DD69474}.Ad-Hoc|x64.ActiveCfg = Release|Any CPU
		{6EC574F7-78D2-46A9-9A3C-41163DD69474}.Ad-Hoc|x64.Build.0 = Release|Any CPU
		{6EC574F7-78D2-46A9-9A3C-41163DD69474}.Ad-Hoc|x64.Deploy.0 = Release|Any CPU
		{6EC574F7-78D2-46A9-9A3C-41163DD69474}.Ad-Hoc|x86.ActiveCfg = Release|Any CPU
		{6EC574F7-78D2-46A9-9A3C-41163DD69474}.Ad-Hoc|x86.Build.0 = Release|Any CPU
		{6EC574F7-78D2-46A9-9A3C-41163DD69474}.Ad-Hoc|x86.Deploy.0 = Release|Any CPU
		{6EC574F7-78D2-46A9-9A3C-41163DD69474}.AppStore|Any CPU.ActiveCfg = Release|Any CPU
		{6EC574F7-78D2-46A9-9A3C-41163DD69474}.AppStore|Any CPU.Build.0 = Release|Any CPU
		{6EC574F7-78D2-46A9-9A3C-41163DD69474}.AppStore|Any CPU.Deploy.0 = Release|Any CPU
		{6EC574F7-78D2-46A9-9A3C-41163DD69474}.AppStore|ARM.ActiveCfg = Release|Any CPU
		{6EC574F7-78D2-46A9-9A3C-41163DD69474}.AppStore|ARM.Build.0 = Release|Any CPU
		{6EC574F7-78D2-46A9-9A3C-41163DD69474}.AppStore|ARM.Deploy.0 = Release|Any CPU
		{6EC574F7-78D2-46A9-9A3C-41163DD69474}.AppStore|iPhone.ActiveCfg = Release|Any CPU
		{6EC574F7-78D2-46A9-9A3C-41163DD69474}.AppStore|iPhone.Build.0 = Release|Any CPU
		{6EC574F7-78D2-46A9-9A3C-41163DD69474}.AppStore|iPhone.Deploy.0 = Release|Any CPU
		{6EC574F7-78D2-46A9-9A3C-41163DD69474}.AppStore|iPhoneSimulator.ActiveCfg = Release|Any CPU
		{6EC574F7-78D2-46A9-9A3C-41163DD69474}.AppStore|iPhoneSimulator.Build.0 = Release|Any CPU
		{6EC574F7-78D2-46A9-9A3C-41163DD69474}.AppStore|iPhoneSimulator.Deploy.0 = Release|Any CPU
		{6EC574F7-78D2-46A9-9A3C-41163DD69474}.AppStore|x64.ActiveCfg = Release|Any CPU
		{6EC574F7-78D2-46A9-9A3C-41163DD69474}.AppStore|x64.Build.0 = Release|Any CPU
		{6EC574F7-78D2-46A9-9A3C-41163DD69474}.AppStore|x64.Deploy.0 = Release|Any CPU
		{6EC574F7-78D2-46A9-9A3C-41163DD69474}.AppStore|x86.ActiveCfg = Release|Any CPU
		{6EC574F7-78D2-46A9-9A3C-41163DD69474}.AppStore|x86.Build.0 = Release|Any CPU
		{6EC574F7-78D2-46A9-9A3C-41163DD69474}.AppStore|x86.Deploy.0 = Release|Any CPU
		{6EC574F7-78D2-46A9-9A3C-41163DD69474}.Debug|Any CPU.ActiveCfg = Debug|Any CPU
		{6EC574F7-78D2-46A9-9A3C-41163DD69474}.Debug|Any CPU.Build.0 = Debug|Any CPU
		{6EC574F7-78D2-46A9-9A3C-41163DD69474}.Debug|Any CPU.Deploy.0 = Debug|Any CPU
		{6EC574F7-78D2-46A9-9A3C-41163DD69474}.Debug|ARM.ActiveCfg = Debug|Any CPU
		{6EC574F7-78D2-46A9-9A3C-41163DD69474}.Debug|ARM.Build.0 = Debug|Any CPU
		{6EC574F7-78D2-46A9-9A3C-41163DD69474}.Debug|ARM.Deploy.0 = Debug|Any CPU
		{6EC574F7-78D2-46A9-9A3C-41163DD69474}.Debug|iPhone.ActiveCfg = Debug|Any CPU
		{6EC574F7-78D2-46A9-9A3C-41163DD69474}.Debug|iPhone.Build.0 = Debug|Any CPU
		{6EC574F7-78D2-46A9-9A3C-41163DD69474}.Debug|iPhone.Deploy.0 = Debug|Any CPU
		{6EC574F7-78D2-46A9-9A3C-41163DD69474}.Debug|iPhoneSimulator.ActiveCfg = Debug|Any CPU
		{6EC574F7-78D2-46A9-9A3C-41163DD69474}.Debug|iPhoneSimulator.Build.0 = Debug|Any CPU
		{6EC574F7-78D2-46A9-9A3C-41163DD69474}.Debug|iPhoneSimulator.Deploy.0 = Debug|Any CPU
		{6EC574F7-78D2-46A9-9A3C-41163DD69474}.Debug|x64.ActiveCfg = Debug|Any CPU
		{6EC574F7-78D2-46A9-9A3C-41163DD69474}.Debug|x64.Build.0 = Debug|Any CPU
		{6EC574F7-78D2-46A9-9A3C-41163DD69474}.Debug|x64.Deploy.0 = Debug|Any CPU
		{6EC574F7-78D2-46A9-9A3C-41163DD69474}.Debug|x86.ActiveCfg = Debug|Any CPU
		{6EC574F7-78D2-46A9-9A3C-41163DD69474}.Debug|x86.Build.0 = Debug|Any CPU
		{6EC574F7-78D2-46A9-9A3C-41163DD69474}.Debug|x86.Deploy.0 = Debug|Any CPU
		{6EC574F7-78D2-46A9-9A3C-41163DD69474}.Release|Any CPU.ActiveCfg = Release|Any CPU
		{6EC574F7-78D2-46A9-9A3C-41163DD69474}.Release|Any CPU.Build.0 = Release|Any CPU
		{6EC574F7-78D2-46A9-9A3C-41163DD69474}.Release|Any CPU.Deploy.0 = Release|Any CPU
		{6EC574F7-78D2-46A9-9A3C-41163DD69474}.Release|ARM.ActiveCfg = Release|Any CPU
		{6EC574F7-78D2-46A9-9A3C-41163DD69474}.Release|ARM.Build.0 = Release|Any CPU
		{6EC574F7-78D2-46A9-9A3C-41163DD69474}.Release|ARM.Deploy.0 = Release|Any CPU
		{6EC574F7-78D2-46A9-9A3C-41163DD69474}.Release|iPhone.ActiveCfg = Release|Any CPU
		{6EC574F7-78D2-46A9-9A3C-41163DD69474}.Release|iPhone.Build.0 = Release|Any CPU
		{6EC574F7-78D2-46A9-9A3C-41163DD69474}.Release|iPhone.Deploy.0 = Release|Any CPU
		{6EC574F7-78D2-46A9-9A3C-41163DD69474}.Release|iPhoneSimulator.ActiveCfg = Release|Any CPU
		{6EC574F7-78D2-46A9-9A3C-41163DD69474}.Release|iPhoneSimulator.Build.0 = Release|Any CPU
		{6EC574F7-78D2-46A9-9A3C-41163DD69474}.Release|iPhoneSimulator.Deploy.0 = Release|Any CPU
		{6EC574F7-78D2-46A9-9A3C-41163DD69474}.Release|x64.ActiveCfg = Release|Any CPU
		{6EC574F7-78D2-46A9-9A3C-41163DD69474}.Release|x64.Build.0 = Release|Any CPU
		{6EC574F7-78D2-46A9-9A3C-41163DD69474}.Release|x64.Deploy.0 = Release|Any CPU
		{6EC574F7-78D2-46A9-9A3C-41163DD69474}.Release|x86.ActiveCfg = Release|Any CPU
		{6EC574F7-78D2-46A9-9A3C-41163DD69474}.Release|x86.Build.0 = Release|Any CPU
		{6EC574F7-78D2-46A9-9A3C-41163DD69474}.Release|x86.Deploy.0 = Release|Any CPU
		{7EE36B6E-9A98-4CEE-8EBD-81E6E3373F13}.Ad-Hoc|Any CPU.ActiveCfg = Ad-Hoc|iPhone
		{7EE36B6E-9A98-4CEE-8EBD-81E6E3373F13}.Ad-Hoc|ARM.ActiveCfg = Ad-Hoc|iPhone
		{7EE36B6E-9A98-4CEE-8EBD-81E6E3373F13}.Ad-Hoc|iPhone.ActiveCfg = Ad-Hoc|iPhone
		{7EE36B6E-9A98-4CEE-8EBD-81E6E3373F13}.Ad-Hoc|iPhone.Build.0 = Ad-Hoc|iPhone
		{7EE36B6E-9A98-4CEE-8EBD-81E6E3373F13}.Ad-Hoc|iPhoneSimulator.ActiveCfg = Ad-Hoc|iPhoneSimulator
		{7EE36B6E-9A98-4CEE-8EBD-81E6E3373F13}.Ad-Hoc|iPhoneSimulator.Build.0 = Ad-Hoc|iPhoneSimulator
		{7EE36B6E-9A98-4CEE-8EBD-81E6E3373F13}.Ad-Hoc|x64.ActiveCfg = Ad-Hoc|iPhone
		{7EE36B6E-9A98-4CEE-8EBD-81E6E3373F13}.Ad-Hoc|x86.ActiveCfg = Ad-Hoc|iPhone
		{7EE36B6E-9A98-4CEE-8EBD-81E6E3373F13}.AppStore|Any CPU.ActiveCfg = AppStore|iPhone
		{7EE36B6E-9A98-4CEE-8EBD-81E6E3373F13}.AppStore|ARM.ActiveCfg = AppStore|iPhone
		{7EE36B6E-9A98-4CEE-8EBD-81E6E3373F13}.AppStore|iPhone.ActiveCfg = AppStore|iPhone
		{7EE36B6E-9A98-4CEE-8EBD-81E6E3373F13}.AppStore|iPhone.Build.0 = AppStore|iPhone
		{7EE36B6E-9A98-4CEE-8EBD-81E6E3373F13}.AppStore|iPhoneSimulator.ActiveCfg = AppStore|iPhoneSimulator
		{7EE36B6E-9A98-4CEE-8EBD-81E6E3373F13}.AppStore|iPhoneSimulator.Build.0 = AppStore|iPhoneSimulator
		{7EE36B6E-9A98-4CEE-8EBD-81E6E3373F13}.AppStore|x64.ActiveCfg = AppStore|iPhone
		{7EE36B6E-9A98-4CEE-8EBD-81E6E3373F13}.AppStore|x86.ActiveCfg = AppStore|iPhone
		{7EE36B6E-9A98-4CEE-8EBD-81E6E3373F13}.Debug|Any CPU.ActiveCfg = Debug|iPhone
		{7EE36B6E-9A98-4CEE-8EBD-81E6E3373F13}.Debug|ARM.ActiveCfg = Debug|iPhone
		{7EE36B6E-9A98-4CEE-8EBD-81E6E3373F13}.Debug|iPhone.ActiveCfg = Debug|iPhone
		{7EE36B6E-9A98-4CEE-8EBD-81E6E3373F13}.Debug|iPhone.Build.0 = Debug|iPhone
		{7EE36B6E-9A98-4CEE-8EBD-81E6E3373F13}.Debug|iPhoneSimulator.ActiveCfg = Debug|iPhoneSimulator
		{7EE36B6E-9A98-4CEE-8EBD-81E6E3373F13}.Debug|iPhoneSimulator.Build.0 = Debug|iPhoneSimulator
		{7EE36B6E-9A98-4CEE-8EBD-81E6E3373F13}.Debug|x64.ActiveCfg = Debug|iPhone
		{7EE36B6E-9A98-4CEE-8EBD-81E6E3373F13}.Debug|x86.ActiveCfg = Debug|iPhone
		{7EE36B6E-9A98-4CEE-8EBD-81E6E3373F13}.Release|Any CPU.ActiveCfg = Release|iPhone
		{7EE36B6E-9A98-4CEE-8EBD-81E6E3373F13}.Release|ARM.ActiveCfg = Release|iPhone
		{7EE36B6E-9A98-4CEE-8EBD-81E6E3373F13}.Release|iPhone.ActiveCfg = Release|iPhone
		{7EE36B6E-9A98-4CEE-8EBD-81E6E3373F13}.Release|iPhone.Build.0 = Release|iPhone
		{7EE36B6E-9A98-4CEE-8EBD-81E6E3373F13}.Release|iPhoneSimulator.ActiveCfg = Release|iPhoneSimulator
		{7EE36B6E-9A98-4CEE-8EBD-81E6E3373F13}.Release|iPhoneSimulator.Build.0 = Release|iPhoneSimulator
		{7EE36B6E-9A98-4CEE-8EBD-81E6E3373F13}.Release|x64.ActiveCfg = Release|iPhone
		{7EE36B6E-9A98-4CEE-8EBD-81E6E3373F13}.Release|x86.ActiveCfg = Release|iPhone
		{0947CA3F-DE14-4906-A63E-C2B76A3C6E40}.Ad-Hoc|Any CPU.ActiveCfg = Release|Any CPU
		{0947CA3F-DE14-4906-A63E-C2B76A3C6E40}.Ad-Hoc|Any CPU.Build.0 = Release|Any CPU
		{0947CA3F-DE14-4906-A63E-C2B76A3C6E40}.Ad-Hoc|Any CPU.Deploy.0 = Release|Any CPU
		{0947CA3F-DE14-4906-A63E-C2B76A3C6E40}.Ad-Hoc|ARM.ActiveCfg = Release|ARM
		{0947CA3F-DE14-4906-A63E-C2B76A3C6E40}.Ad-Hoc|ARM.Build.0 = Release|ARM
		{0947CA3F-DE14-4906-A63E-C2B76A3C6E40}.Ad-Hoc|ARM.Deploy.0 = Release|ARM
		{0947CA3F-DE14-4906-A63E-C2B76A3C6E40}.Ad-Hoc|iPhone.ActiveCfg = Release|Any CPU
		{0947CA3F-DE14-4906-A63E-C2B76A3C6E40}.Ad-Hoc|iPhone.Build.0 = Release|Any CPU
		{0947CA3F-DE14-4906-A63E-C2B76A3C6E40}.Ad-Hoc|iPhone.Deploy.0 = Release|Any CPU
		{0947CA3F-DE14-4906-A63E-C2B76A3C6E40}.Ad-Hoc|iPhoneSimulator.ActiveCfg = Release|Any CPU
		{0947CA3F-DE14-4906-A63E-C2B76A3C6E40}.Ad-Hoc|iPhoneSimulator.Build.0 = Release|Any CPU
		{0947CA3F-DE14-4906-A63E-C2B76A3C6E40}.Ad-Hoc|iPhoneSimulator.Deploy.0 = Release|Any CPU
		{0947CA3F-DE14-4906-A63E-C2B76A3C6E40}.Ad-Hoc|x64.ActiveCfg = Release|Any CPU
		{0947CA3F-DE14-4906-A63E-C2B76A3C6E40}.Ad-Hoc|x64.Build.0 = Release|Any CPU
		{0947CA3F-DE14-4906-A63E-C2B76A3C6E40}.Ad-Hoc|x64.Deploy.0 = Release|Any CPU
		{0947CA3F-DE14-4906-A63E-C2B76A3C6E40}.Ad-Hoc|x86.ActiveCfg = Release|x86
		{0947CA3F-DE14-4906-A63E-C2B76A3C6E40}.Ad-Hoc|x86.Build.0 = Release|x86
		{0947CA3F-DE14-4906-A63E-C2B76A3C6E40}.Ad-Hoc|x86.Deploy.0 = Release|x86
		{0947CA3F-DE14-4906-A63E-C2B76A3C6E40}.AppStore|Any CPU.ActiveCfg = Release|Any CPU
		{0947CA3F-DE14-4906-A63E-C2B76A3C6E40}.AppStore|Any CPU.Build.0 = Release|Any CPU
		{0947CA3F-DE14-4906-A63E-C2B76A3C6E40}.AppStore|Any CPU.Deploy.0 = Release|Any CPU
		{0947CA3F-DE14-4906-A63E-C2B76A3C6E40}.AppStore|ARM.ActiveCfg = Release|ARM
		{0947CA3F-DE14-4906-A63E-C2B76A3C6E40}.AppStore|ARM.Build.0 = Release|ARM
		{0947CA3F-DE14-4906-A63E-C2B76A3C6E40}.AppStore|ARM.Deploy.0 = Release|ARM
		{0947CA3F-DE14-4906-A63E-C2B76A3C6E40}.AppStore|iPhone.ActiveCfg = Release|Any CPU
		{0947CA3F-DE14-4906-A63E-C2B76A3C6E40}.AppStore|iPhone.Build.0 = Release|Any CPU
		{0947CA3F-DE14-4906-A63E-C2B76A3C6E40}.AppStore|iPhone.Deploy.0 = Release|Any CPU
		{0947CA3F-DE14-4906-A63E-C2B76A3C6E40}.AppStore|iPhoneSimulator.ActiveCfg = Release|Any CPU
		{0947CA3F-DE14-4906-A63E-C2B76A3C6E40}.AppStore|iPhoneSimulator.Build.0 = Release|Any CPU
		{0947CA3F-DE14-4906-A63E-C2B76A3C6E40}.AppStore|iPhoneSimulator.Deploy.0 = Release|Any CPU
		{0947CA3F-DE14-4906-A63E-C2B76A3C6E40}.AppStore|x64.ActiveCfg = Release|Any CPU
		{0947CA3F-DE14-4906-A63E-C2B76A3C6E40}.AppStore|x64.Build.0 = Release|Any CPU
		{0947CA3F-DE14-4906-A63E-C2B76A3C6E40}.AppStore|x64.Deploy.0 = Release|Any CPU
		{0947CA3F-DE14-4906-A63E-C2B76A3C6E40}.AppStore|x86.ActiveCfg = Release|x86
		{0947CA3F-DE14-4906-A63E-C2B76A3C6E40}.AppStore|x86.Build.0 = Release|x86
		{0947CA3F-DE14-4906-A63E-C2B76A3C6E40}.AppStore|x86.Deploy.0 = Release|x86
		{0947CA3F-DE14-4906-A63E-C2B76A3C6E40}.Debug|Any CPU.ActiveCfg = Debug|Any CPU
		{0947CA3F-DE14-4906-A63E-C2B76A3C6E40}.Debug|Any CPU.Build.0 = Debug|Any CPU
		{0947CA3F-DE14-4906-A63E-C2B76A3C6E40}.Debug|Any CPU.Deploy.0 = Debug|Any CPU
		{0947CA3F-DE14-4906-A63E-C2B76A3C6E40}.Debug|ARM.ActiveCfg = Debug|ARM
		{0947CA3F-DE14-4906-A63E-C2B76A3C6E40}.Debug|ARM.Build.0 = Debug|ARM
		{0947CA3F-DE14-4906-A63E-C2B76A3C6E40}.Debug|ARM.Deploy.0 = Debug|ARM
		{0947CA3F-DE14-4906-A63E-C2B76A3C6E40}.Debug|iPhone.ActiveCfg = Debug|Any CPU
		{0947CA3F-DE14-4906-A63E-C2B76A3C6E40}.Debug|iPhone.Build.0 = Debug|Any CPU
		{0947CA3F-DE14-4906-A63E-C2B76A3C6E40}.Debug|iPhone.Deploy.0 = Debug|Any CPU
		{0947CA3F-DE14-4906-A63E-C2B76A3C6E40}.Debug|iPhoneSimulator.ActiveCfg = Debug|Any CPU
		{0947CA3F-DE14-4906-A63E-C2B76A3C6E40}.Debug|iPhoneSimulator.Build.0 = Debug|Any CPU
		{0947CA3F-DE14-4906-A63E-C2B76A3C6E40}.Debug|iPhoneSimulator.Deploy.0 = Debug|Any CPU
		{0947CA3F-DE14-4906-A63E-C2B76A3C6E40}.Debug|x64.ActiveCfg = Debug|Any CPU
		{0947CA3F-DE14-4906-A63E-C2B76A3C6E40}.Debug|x64.Build.0 = Debug|Any CPU
		{0947CA3F-DE14-4906-A63E-C2B76A3C6E40}.Debug|x64.Deploy.0 = Debug|Any CPU
		{0947CA3F-DE14-4906-A63E-C2B76A3C6E40}.Debug|x86.ActiveCfg = Debug|x86
		{0947CA3F-DE14-4906-A63E-C2B76A3C6E40}.Debug|x86.Build.0 = Debug|x86
		{0947CA3F-DE14-4906-A63E-C2B76A3C6E40}.Debug|x86.Deploy.0 = Debug|x86
		{0947CA3F-DE14-4906-A63E-C2B76A3C6E40}.Release|Any CPU.ActiveCfg = Release|Any CPU
		{0947CA3F-DE14-4906-A63E-C2B76A3C6E40}.Release|Any CPU.Build.0 = Release|Any CPU
		{0947CA3F-DE14-4906-A63E-C2B76A3C6E40}.Release|Any CPU.Deploy.0 = Release|Any CPU
		{0947CA3F-DE14-4906-A63E-C2B76A3C6E40}.Release|ARM.ActiveCfg = Release|ARM
		{0947CA3F-DE14-4906-A63E-C2B76A3C6E40}.Release|ARM.Build.0 = Release|ARM
		{0947CA3F-DE14-4906-A63E-C2B76A3C6E40}.Release|ARM.Deploy.0 = Release|ARM
		{0947CA3F-DE14-4906-A63E-C2B76A3C6E40}.Release|iPhone.ActiveCfg = Release|Any CPU
		{0947CA3F-DE14-4906-A63E-C2B76A3C6E40}.Release|iPhone.Build.0 = Release|Any CPU
		{0947CA3F-DE14-4906-A63E-C2B76A3C6E40}.Release|iPhone.Deploy.0 = Release|Any CPU
		{0947CA3F-DE14-4906-A63E-C2B76A3C6E40}.Release|iPhoneSimulator.ActiveCfg = Release|Any CPU
		{0947CA3F-DE14-4906-A63E-C2B76A3C6E40}.Release|iPhoneSimulator.Build.0 = Release|Any CPU
		{0947CA3F-DE14-4906-A63E-C2B76A3C6E40}.Release|iPhoneSimulator.Deploy.0 = Release|Any CPU
		{0947CA3F-DE14-4906-A63E-C2B76A3C6E40}.Release|x64.ActiveCfg = Release|Any CPU
		{0947CA3F-DE14-4906-A63E-C2B76A3C6E40}.Release|x64.Build.0 = Release|Any CPU
		{0947CA3F-DE14-4906-A63E-C2B76A3C6E40}.Release|x64.Deploy.0 = Release|Any CPU
		{0947CA3F-DE14-4906-A63E-C2B76A3C6E40}.Release|x86.ActiveCfg = Release|x86
		{0947CA3F-DE14-4906-A63E-C2B76A3C6E40}.Release|x86.Build.0 = Release|x86
		{0947CA3F-DE14-4906-A63E-C2B76A3C6E40}.Release|x86.Deploy.0 = Release|x86
		{E0F88A97-54F4-4301-B560-B992C9F70172}.Ad-Hoc|Any CPU.ActiveCfg = Release|Any CPU
		{E0F88A97-54F4-4301-B560-B992C9F70172}.Ad-Hoc|Any CPU.Build.0 = Release|Any CPU
		{E0F88A97-54F4-4301-B560-B992C9F70172}.Ad-Hoc|Any CPU.Deploy.0 = Release|Any CPU
		{E0F88A97-54F4-4301-B560-B992C9F70172}.Ad-Hoc|ARM.ActiveCfg = Release|ARM
		{E0F88A97-54F4-4301-B560-B992C9F70172}.Ad-Hoc|ARM.Build.0 = Release|ARM
		{E0F88A97-54F4-4301-B560-B992C9F70172}.Ad-Hoc|ARM.Deploy.0 = Release|ARM
		{E0F88A97-54F4-4301-B560-B992C9F70172}.Ad-Hoc|iPhone.ActiveCfg = Release|Any CPU
		{E0F88A97-54F4-4301-B560-B992C9F70172}.Ad-Hoc|iPhone.Build.0 = Release|Any CPU
		{E0F88A97-54F4-4301-B560-B992C9F70172}.Ad-Hoc|iPhone.Deploy.0 = Release|Any CPU
		{E0F88A97-54F4-4301-B560-B992C9F70172}.Ad-Hoc|iPhoneSimulator.ActiveCfg = Release|Any CPU
		{E0F88A97-54F4-4301-B560-B992C9F70172}.Ad-Hoc|iPhoneSimulator.Build.0 = Release|Any CPU
		{E0F88A97-54F4-4301-B560-B992C9F70172}.Ad-Hoc|iPhoneSimulator.Deploy.0 = Release|Any CPU
		{E0F88A97-54F4-4301-B560-B992C9F70172}.Ad-Hoc|x64.ActiveCfg = Release|x64
		{E0F88A97-54F4-4301-B560-B992C9F70172}.Ad-Hoc|x64.Build.0 = Release|x64
		{E0F88A97-54F4-4301-B560-B992C9F70172}.Ad-Hoc|x64.Deploy.0 = Release|x64
		{E0F88A97-54F4-4301-B560-B992C9F70172}.Ad-Hoc|x86.ActiveCfg = Release|x86
		{E0F88A97-54F4-4301-B560-B992C9F70172}.Ad-Hoc|x86.Build.0 = Release|x86
		{E0F88A97-54F4-4301-B560-B992C9F70172}.Ad-Hoc|x86.Deploy.0 = Release|x86
		{E0F88A97-54F4-4301-B560-B992C9F70172}.AppStore|Any CPU.ActiveCfg = Release|Any CPU
		{E0F88A97-54F4-4301-B560-B992C9F70172}.AppStore|Any CPU.Build.0 = Release|Any CPU
		{E0F88A97-54F4-4301-B560-B992C9F70172}.AppStore|Any CPU.Deploy.0 = Release|Any CPU
		{E0F88A97-54F4-4301-B560-B992C9F70172}.AppStore|ARM.ActiveCfg = Release|ARM
		{E0F88A97-54F4-4301-B560-B992C9F70172}.AppStore|ARM.Build.0 = Release|ARM
		{E0F88A97-54F4-4301-B560-B992C9F70172}.AppStore|ARM.Deploy.0 = Release|ARM
		{E0F88A97-54F4-4301-B560-B992C9F70172}.AppStore|iPhone.ActiveCfg = Release|Any CPU
		{E0F88A97-54F4-4301-B560-B992C9F70172}.AppStore|iPhone.Build.0 = Release|Any CPU
		{E0F88A97-54F4-4301-B560-B992C9F70172}.AppStore|iPhone.Deploy.0 = Release|Any CPU
		{E0F88A97-54F4-4301-B560-B992C9F70172}.AppStore|iPhoneSimulator.ActiveCfg = Release|Any CPU
		{E0F88A97-54F4-4301-B560-B992C9F70172}.AppStore|iPhoneSimulator.Build.0 = Release|Any CPU
		{E0F88A97-54F4-4301-B560-B992C9F70172}.AppStore|iPhoneSimulator.Deploy.0 = Release|Any CPU
		{E0F88A97-54F4-4301-B560-B992C9F70172}.AppStore|x64.ActiveCfg = Release|x64
		{E0F88A97-54F4-4301-B560-B992C9F70172}.AppStore|x64.Build.0 = Release|x64
		{E0F88A97-54F4-4301-B560-B992C9F70172}.AppStore|x64.Deploy.0 = Release|x64
		{E0F88A97-54F4-4301-B560-B992C9F70172}.AppStore|x86.ActiveCfg = Release|x86
		{E0F88A97-54F4-4301-B560-B992C9F70172}.AppStore|x86.Build.0 = Release|x86
		{E0F88A97-54F4-4301-B560-B992C9F70172}.AppStore|x86.Deploy.0 = Release|x86
		{E0F88A97-54F4-4301-B560-B992C9F70172}.Debug|Any CPU.ActiveCfg = Debug|Any CPU
		{E0F88A97-54F4-4301-B560-B992C9F70172}.Debug|Any CPU.Build.0 = Debug|Any CPU
		{E0F88A97-54F4-4301-B560-B992C9F70172}.Debug|Any CPU.Deploy.0 = Debug|Any CPU
		{E0F88A97-54F4-4301-B560-B992C9F70172}.Debug|ARM.ActiveCfg = Debug|ARM
		{E0F88A97-54F4-4301-B560-B992C9F70172}.Debug|ARM.Build.0 = Debug|ARM
		{E0F88A97-54F4-4301-B560-B992C9F70172}.Debug|ARM.Deploy.0 = Debug|ARM
		{E0F88A97-54F4-4301-B560-B992C9F70172}.Debug|iPhone.ActiveCfg = Debug|Any CPU
		{E0F88A97-54F4-4301-B560-B992C9F70172}.Debug|iPhone.Build.0 = Debug|Any CPU
		{E0F88A97-54F4-4301-B560-B992C9F70172}.Debug|iPhone.Deploy.0 = Debug|Any CPU
		{E0F88A97-54F4-4301-B560-B992C9F70172}.Debug|iPhoneSimulator.ActiveCfg = Debug|Any CPU
		{E0F88A97-54F4-4301-B560-B992C9F70172}.Debug|iPhoneSimulator.Build.0 = Debug|Any CPU
		{E0F88A97-54F4-4301-B560-B992C9F70172}.Debug|iPhoneSimulator.Deploy.0 = Debug|Any CPU
		{E0F88A97-54F4-4301-B560-B992C9F70172}.Debug|x64.ActiveCfg = Debug|x64
		{E0F88A97-54F4-4301-B560-B992C9F70172}.Debug|x64.Build.0 = Debug|x64
		{E0F88A97-54F4-4301-B560-B992C9F70172}.Debug|x64.Deploy.0 = Debug|x64
		{E0F88A97-54F4-4301-B560-B992C9F70172}.Debug|x86.ActiveCfg = Debug|x86
		{E0F88A97-54F4-4301-B560-B992C9F70172}.Debug|x86.Build.0 = Debug|x86
		{E0F88A97-54F4-4301-B560-B992C9F70172}.Debug|x86.Deploy.0 = Debug|x86
		{E0F88A97-54F4-4301-B560-B992C9F70172}.Release|Any CPU.ActiveCfg = Release|Any CPU
		{E0F88A97-54F4-4301-B560-B992C9F70172}.Release|Any CPU.Build.0 = Release|Any CPU
		{E0F88A97-54F4-4301-B560-B992C9F70172}.Release|Any CPU.Deploy.0 = Release|Any CPU
		{E0F88A97-54F4-4301-B560-B992C9F70172}.Release|ARM.ActiveCfg = Release|ARM
		{E0F88A97-54F4-4301-B560-B992C9F70172}.Release|ARM.Build.0 = Release|ARM
		{E0F88A97-54F4-4301-B560-B992C9F70172}.Release|ARM.Deploy.0 = Release|ARM
		{E0F88A97-54F4-4301-B560-B992C9F70172}.Release|iPhone.ActiveCfg = Release|Any CPU
		{E0F88A97-54F4-4301-B560-B992C9F70172}.Release|iPhone.Build.0 = Release|Any CPU
		{E0F88A97-54F4-4301-B560-B992C9F70172}.Release|iPhone.Deploy.0 = Release|Any CPU
		{E0F88A97-54F4-4301-B560-B992C9F70172}.Release|iPhoneSimulator.ActiveCfg = Release|Any CPU
		{E0F88A97-54F4-4301-B560-B992C9F70172}.Release|iPhoneSimulator.Build.0 = Release|Any CPU
		{E0F88A97-54F4-4301-B560-B992C9F70172}.Release|iPhoneSimulator.Deploy.0 = Release|Any CPU
		{E0F88A97-54F4-4301-B560-B992C9F70172}.Release|x64.ActiveCfg = Release|x64
		{E0F88A97-54F4-4301-B560-B992C9F70172}.Release|x64.Build.0 = Release|x64
		{E0F88A97-54F4-4301-B560-B992C9F70172}.Release|x64.Deploy.0 = Release|x64
		{E0F88A97-54F4-4301-B560-B992C9F70172}.Release|x86.ActiveCfg = Release|x86
		{E0F88A97-54F4-4301-B560-B992C9F70172}.Release|x86.Build.0 = Release|x86
		{E0F88A97-54F4-4301-B560-B992C9F70172}.Release|x86.Deploy.0 = Release|x86
	EndGlobalSection
	GlobalSection(SolutionProperties) = preSolution
		HideSolutionNode = FALSE
	EndGlobalSection
EndGlobal
